
Microsoft Visual Studio Solution File, Format Version 12.00
# Visual Studio 2012
Project("{FAE04EC0-301F-11D3-BF4B-00C04F79EFBC}") = "iTunesSync", "iTunesSync.csproj", "{AEAE2F03-DA58-4318-8D93-EB4057108DCB}"
EndProject
Project("{FAE04EC0-301F-11D3-BF4B-00C04F79EFBC}") = "Foobalator", "..\Foobalator\Foobalator.csproj", "{1F56DA7A-698A-4ED9-979F-08F8B0954585}"
EndProject
Global
	GlobalSection(TeamFoundationVersionControl) = preSolution
		SccNumberOfProjects = 3
		SccEnterpriseProvider = {4CA58AB2-18FA-4F8D-95D4-32DDF27D184C}
		SccTeamFoundationServer = http://atlas:8080/tfs/defaultcollection
		SccLocalPath0 = .
		SccProjectUniqueName1 = iTunesSync.csproj
		SccLocalPath1 = .
		SccProjectUniqueName2 = ..\\Foobalator\\Foobalator.csproj
		SccProjectName2 = ../Foobalator
		SccLocalPath2 = ..\\Foobalator
	EndGlobalSection
	GlobalSection(SolutionConfigurationPlatforms) = preSolution
		Debug|Any CPU = Debug|Any CPU
		Release|Any CPU = Release|Any CPU
	EndGlobalSection
	GlobalSection(ProjectConfigurationPlatforms) = postSolution
		{AEAE2F03-DA58-4318-8D93-EB4057108DCB}.Debug|Any CPU.ActiveCfg = Debug|Any CPU
		{AEAE2F03-DA58-4318-8D93-EB4057108DCB}.Debug|Any CPU.Build.0 = Debug|Any CPU
		{AEAE2F03-DA58-4318-8D93-EB4057108DCB}.Release|Any CPU.ActiveCfg = Release|Any CPU
		{AEAE2F03-DA58-4318-8D93-EB4057108DCB}.Release|Any CPU.Build.0 = Release|Any CPU
		{1F56DA7A-698A-4ED9-979F-08F8B0954585}.Debug|Any CPU.ActiveCfg = Debug|Any CPU
		{1F56DA7A-698A-4ED9-979F-08F8B0954585}.Debug|Any CPU.Build.0 = Debug|Any CPU
		{1F56DA7A-698A-4ED9-979F-08F8B0954585}.Release|Any CPU.ActiveCfg = Release|Any CPU
		{1F56DA7A-698A-4ED9-979F-08F8B0954585}.Release|Any CPU.Build.0 = Release|Any CPU
	EndGlobalSection
	GlobalSection(SolutionProperties) = preSolution
		HideSolutionNode = FALSE
	EndGlobalSection
EndGlobal
